
Microsoft Visual Studio Solution File, Format Version 12.00
# Visual Studio Version 17
VisualStudioVersion = 17.4.33213.308
MinimumVisualStudioVersion = 10.0.40219.1
Project("{FAE04EC0-301F-11D3-BF4B-00C04F79EFBC}") = "LeaveManagement.Web", "LeaveManagement.Web\LeaveManagement.Web.csproj", "{7A42347F-6CBD-47D9-8E87-439596F60C4E}"
EndProject
Global
	GlobalSection(SolutionConfigurationPlatforms) = preSolution
		Debug|Any CPU = Debug|Any CPU
		Release|Any CPU = Release|Any CPU
	EndGlobalSection
	GlobalSection(ProjectConfigurationPlatforms) = postSolution
		{7A42347F-6CBD-47D9-8E87-439596F60C4E}.Debug|Any CPU.ActiveCfg = Debug|Any CPU
		{7A42347F-6CBD-47D9-8E87-439596F60C4E}.Debug|Any CPU.Build.0 = Debug|Any CPU
		{7A42347F-6CBD-47D9-8E87-439596F60C4E}.Release|Any CPU.ActiveCfg = Release|Any CPU
		{7A42347F-6CBD-47D9-8E87-439596F60C4E}.Release|Any CPU.Build.0 = Release|Any CPU
	EndGlobalSection
	GlobalSection(SolutionProperties) = preSolution
		HideSolutionNode = FALSE
	EndGlobalSection
	GlobalSection(ExtensibilityGlobals) = postSolution
		SolutionGuid = {470E0BDB-CE26-4FF7-A179-4EE39D2229CF}
	EndGlobalSection
EndGlobal
